
Microsoft Visual Studio Solution File, Format Version 12.00
# Visual Studio Version 17
VisualStudioVersion = 17.14.36705.20 d17.14
MinimumVisualStudioVersion = 10.0.40219.1
Project("{8BC9CEB8-8B4A-11D0-8D11-00A0C91BC942}") = "Stack", "Stack.vcxproj", "{57978870-EF70-4569-9E8A-181B78852D65}"
EndProject
Global
	GlobalSection(SolutionConfigurationPlatforms) = preSolution
		Debug|x64 = Debug|x64
		Debug|x86 = Debug|x86
		Release|x64 = Release|x64
		Release|x86 = Release|x86
	EndGlobalSection
	GlobalSection(ProjectConfigurationPlatforms) = postSolution
		{57978870-EF70-4569-9E8A-181B78852D65}.Debug|x64.ActiveCfg = Debug|x64
		{57978870-EF70-4569-9E8A-181B78852D65}.Debug|x64.Build.0 = Debug|x64
		{57978870-EF70-4569-9E8A-181B78852D65}.Debug|x86.ActiveCfg = Debug|Win32
		{57978870-EF70-4569-9E8A-181B78852D65}.Debug|x86.Build.0 = Debug|Win32
		{57978870-EF70-4569-9E8A-181B78852D65}.Release|x64.ActiveCfg = Release|x64
		{57978870-EF70-4569-9E8A-181B78852D65}.Release|x64.Build.0 = Release|x64
		{57978870-EF70-4569-9E8A-181B78852D65}.Release|x86.ActiveCfg = Release|Win32
		{57978870-EF70-4569-9E8A-181B78852D65}.Release|x86.Build.0 = Release|Win32
	EndGlobalSection
	GlobalSection(SolutionProperties) = preSolution
		HideSolutionNode = FALSE
	EndGlobalSection
	GlobalSection(ExtensibilityGlobals) = postSolution
		SolutionGuid = {0C42D16A-7F4D-4059-B1A9-D9CA2299590A}
	EndGlobalSection
EndGlobal
